
Microsoft Visual Studio Solution File, Format Version 12.00
# Visual Studio Version 16
VisualStudioVersion = 16.0.29318.209
MinimumVisualStudioVersion = 10.0.40219.1
Project("{FAE04EC0-301F-11D3-BF4B-00C04F79EFBC}") = "WebStart", "WebStart\WebStart.csproj", "{DA27BA99-2EC9-4C10-AB30-9960D5007E50}"
EndProject
Global
	GlobalSection(SolutionConfigurationPlatforms) = preSolution
		Debug|Any CPU = Debug|Any CPU
		Release|Any CPU = Release|Any CPU
	EndGlobalSection
	GlobalSection(ProjectConfigurationPlatforms) = postSolution
		{DA27BA99-2EC9-4C10-AB30-9960D5007E50}.Debug|Any CPU.ActiveCfg = Debug|Any CPU
		{DA27BA99-2EC9-4C10-AB30-9960D5007E50}.Debug|Any CPU.Build.0 = Debug|Any CPU
		{DA27BA99-2EC9-4C10-AB30-9960D5007E50}.Release|Any CPU.ActiveCfg = Release|Any CPU
		{DA27BA99-2EC9-4C10-AB30-9960D5007E50}.Release|Any CPU.Build.0 = Release|Any CPU
	EndGlobalSection
	GlobalSection(SolutionProperties) = preSolution
		HideSolutionNode = FALSE
	EndGlobalSection
	GlobalSection(ExtensibilityGlobals) = postSolution
		SolutionGuid = {75CD9129-C710-4965-AADF-862CF239E0C5}
	EndGlobalSection
EndGlobal
