
Microsoft Visual Studio Solution File, Format Version 12.00
# Visual Studio Version 16
VisualStudioVersion = 16.0.29318.209
MinimumVisualStudioVersion = 10.0.40219.1
Project("{FAE04EC0-301F-11D3-BF4B-00C04F79EFBC}") = "MvcUI", "MvcUI\MvcUI.csproj", "{3416CCD8-006E-42D4-B73A-EAF24F8F59C0}"
EndProject
Project("{FAE04EC0-301F-11D3-BF4B-00C04F79EFBC}") = "WorldLib", "WorldLib\WorldLib.csproj", "{A7E92A0B-AE3F-477C-85A5-5E046251DCBC}"
EndProject
Global
	GlobalSection(SolutionConfigurationPlatforms) = preSolution
		Debug|Any CPU = Debug|Any CPU
		Release|Any CPU = Release|Any CPU
	EndGlobalSection
	GlobalSection(ProjectConfigurationPlatforms) = postSolution
		{3416CCD8-006E-42D4-B73A-EAF24F8F59C0}.Debug|Any CPU.ActiveCfg = Debug|Any CPU
		{3416CCD8-006E-42D4-B73A-EAF24F8F59C0}.Debug|Any CPU.Build.0 = Debug|Any CPU
		{3416CCD8-006E-42D4-B73A-EAF24F8F59C0}.Release|Any CPU.ActiveCfg = Release|Any CPU
		{3416CCD8-006E-42D4-B73A-EAF24F8F59C0}.Release|Any CPU.Build.0 = Release|Any CPU
		{A7E92A0B-AE3F-477C-85A5-5E046251DCBC}.Debug|Any CPU.ActiveCfg = Debug|Any CPU
		{A7E92A0B-AE3F-477C-85A5-5E046251DCBC}.Debug|Any CPU.Build.0 = Debug|Any CPU
		{A7E92A0B-AE3F-477C-85A5-5E046251DCBC}.Release|Any CPU.ActiveCfg = Release|Any CPU
		{A7E92A0B-AE3F-477C-85A5-5E046251DCBC}.Release|Any CPU.Build.0 = Release|Any CPU
	EndGlobalSection
	GlobalSection(SolutionProperties) = preSolution
		HideSolutionNode = FALSE
	EndGlobalSection
	GlobalSection(ExtensibilityGlobals) = postSolution
		SolutionGuid = {4A98373B-84E8-433E-A76C-AAD33F97F58C}
	EndGlobalSection
EndGlobal
